{
  "name": "azure-pipelines-html-report",
  "version": "0.1.0",
  "lockfileVersion": 1,
  "requires": true,
  "dependencies": {
    "@babel/runtime": {
      "version": "7.12.1",
      "resolved": "https://alm-npmjs/nexus/repository/npm_group/@babel/runtime/-/runtime-7.12.1.tgz",
      "integrity": "sha512-J5AIf3vPj3UwXaAzb5j1xM4WAQDX3EMgemF8rjCP3SoW09LfRKAXQKt6CoVYl230P6iWdRcBbnLDDdnqWxZSCA==",
      "requires": {
        "regenerator-runtime": "^0.13.4"
      }
    },
    "@babel/runtime-corejs3": {
      "version": "7.12.1",
      "resolved": "https://alm-npmjs/nexus/repository/npm_group/@babel/runtime-corejs3/-/runtime-corejs3-7.12.1.tgz",
      "integrity": "sha512-umhPIcMrlBZ2aTWlWjUseW9LjQKxi1dpFlQS8DzsxB//5K+u6GLTC/JliPKHsd5kJVPIU6X/Hy0YvWOYPcMxBw==",
      "requires": {
        "core-js-pure": "^3.0.0",
        "regenerator-runtime": "^0.13.4"
      }
    },
    "@jest/types": {
      "version": "24.9.0",
      "resolved": "https://alm-npmjs/nexus/repository/npm_group/@jest/types/-/types-24.9.0.tgz",
      "integrity": "sha512-XKK7ze1apu5JWQ5eZjHITP66AX+QsLlbaJRBGYr8pNzwcAE2JVkwnf0yqjHTsDRcjR0mujy/NmZMXw5kl+kGBw==",
      "requires": {
        "@types/istanbul-lib-coverage": "^2.0.0",
        "@types/istanbul-reports": "^1.1.1",
        "@types/yargs": "^13.0.0"
      }
    },
    "@sheerun/mutationobserver-shim": {
      "version": "0.3.3",
      "resolved": "https://alm-npmjs/nexus/repository/npm_group/@sheerun/mutationobserver-shim/-/mutationobserver-shim-0.3.3.tgz",
      "integrity": "sha512-DetpxZw1fzPD5xUBrIAoplLChO2VB8DlL5Gg+I1IR9b2wPqYIca2WSUxL5g1vLeR4MsQq1NeWriXAVffV+U1Fw=="
    },
    "@testing-library/dom": {
      "version": "6.16.0",
      "resolved": "https://alm-npmjs/nexus/repository/npm_group/@testing-library/dom/-/dom-6.16.0.tgz",
      "integrity": "sha512-lBD88ssxqEfz0wFL6MeUyyWZfV/2cjEZZV3YRpb2IoJRej/4f1jB0TzqIOznTpfR1r34CNesrubxwIlAQ8zgPA==",
      "requires": {
        "@babel/runtime": "^7.8.4",
        "@sheerun/mutationobserver-shim": "^0.3.2",
        "@types/testing-library__dom": "^6.12.1",
        "aria-query": "^4.0.2",
        "dom-accessibility-api": "^0.3.0",
        "pretty-format": "^25.1.0",
        "wait-for-expect": "^3.0.2"
      },
      "dependencies": {
        "@jest/types": {
          "version": "25.5.0",
          "resolved": "https://alm-npmjs/nexus/repository/npm_group/@jest/types/-/types-25.5.0.tgz",
          "integrity": "sha512-OXD0RgQ86Tu3MazKo8bnrkDRaDXXMGUqd+kTtLtK1Zb7CRzQcaSRPPPV37SvYTdevXEBVxe0HXylEjs8ibkmCw==",
          "requires": {
            "@types/istanbul-lib-coverage": "^2.0.0",
            "@types/istanbul-reports": "^1.1.1",
            "@types/yargs": "^15.0.0",
            "chalk": "^3.0.0"
          }
        },
        "@types/yargs": {
          "version": "15.0.9",
          "resolved": "https://alm-npmjs/nexus/repository/npm_group/@types/yargs/-/yargs-15.0.9.tgz",
          "integrity": "sha512-HmU8SeIRhZCWcnRskCs36Q1Q00KBV6Cqh/ora8WN1+22dY07AZdn6Gel8QZ3t26XYPImtcL8WV/eqjhVmMEw4g==",
          "requires": {
            "@types/yargs-parser": "*"
          }
        },
        "ansi-regex": {
          "version": "5.0.0",
          "resolved": "https://alm-npmjs/nexus/repository/npm_group/ansi-regex/-/ansi-regex-5.0.0.tgz",
          "integrity": "sha512-bY6fj56OUQ0hU1KjFNDQuJFezqKdrAyFdIevADiqrWHwSlbmBNMHp5ak2f40Pm8JTFyM2mqxkG6ngkHO11f/lg=="
        },
        "ansi-styles": {
          "version": "4.3.0",
          "resolved": "https://alm-npmjs/nexus/repository/npm_group/ansi-styles/-/ansi-styles-4.3.0.tgz",
          "integrity": "sha512-zbB9rCJAT1rbjiVDb2hqKFHNYLxgtk8NURxZ3IZwD3F6NtxbXZQCnnSi1Lkx+IDohdPlFp222wVALIheZJQSEg==",
          "requires": {
            "color-convert": "^2.0.1"
          }
        },
        "chalk": {
          "version": "3.0.0",
          "resolved": "https://alm-npmjs/nexus/repository/npm_group/chalk/-/chalk-3.0.0.tgz",
          "integrity": "sha512-4D3B6Wf41KOYRFdszmDqMCGq5VV/uMAB273JILmO+3jAlh8X4qDtdtgCR3fxtbLEMzSx22QdhnDcJvu2u1fVwg==",
          "requires": {
            "ansi-styles": "^4.1.0",
            "supports-color": "^7.1.0"
          }
        },
        "color-convert": {
          "version": "2.0.1",
          "resolved": "https://alm-npmjs/nexus/repository/npm_group/color-convert/-/color-convert-2.0.1.tgz",
          "integrity": "sha512-RRECPsj7iu/xb5oKYcsFHSppFNnsj/52OVTRKb4zP5onXwVF3zVmmToNcOfGC+CRDpfK/U584fMg38ZHCaElKQ==",
          "requires": {
            "color-name": "~1.1.4"
          }
        },
        "color-name": {
          "version": "1.1.4",
          "resolved": "https://alm-npmjs/nexus/repository/npm_group/color-name/-/color-name-1.1.4.tgz",
          "integrity": "sha512-dOy+3AuW3a2wNbZHIuMZpTcgjGuLU/uBL/ubcZF9OXbDo8ff4O8yVp5Bf0efS8uEoYo5q4Fx7dY9OgQGXgAsQA=="
        },
        "has-flag": {
          "version": "4.0.0",
          "resolved": "https://alm-npmjs/nexus/repository/npm_group/has-flag/-/has-flag-4.0.0.tgz",
          "integrity": "sha512-EykJT/Q1KjTWctppgIAgfSO0tKVuZUjhgMr17kqTumMl6Afv3EISleU7qZUzoXDFTAHTDC4NOoG/ZxU3EvlMPQ=="
        },
        "pretty-format": {
          "version": "25.5.0",
          "resolved": "https://alm-npmjs/nexus/repository/npm_group/pretty-format/-/pretty-format-25.5.0.tgz",
          "integrity": "sha512-kbo/kq2LQ/A/is0PQwsEHM7Ca6//bGPPvU6UnsdDRSKTWxT/ru/xb88v4BJf6a69H+uTytOEsTusT9ksd/1iWQ==",
          "requires": {
            "@jest/types": "^25.5.0",
            "ansi-regex": "^5.0.0",
            "ansi-styles": "^4.0.0",
            "react-is": "^16.12.0"
          }
        },
        "supports-color": {
          "version": "7.2.0",
          "resolved": "https://alm-npmjs/nexus/repository/npm_group/supports-color/-/supports-color-7.2.0.tgz",
          "integrity": "sha512-qpCAvRl9stuOHveKsn7HncJRvv501qIacKzQlO/+Lwxc9+0q2wLyv4Dfvt80/DPn2pqOBsJdDiogXGR9+OvwRw==",
          "requires": {
            "has-flag": "^4.0.0"
          }
        }
      }
    },
    "@testing-library/jest-dom": {
      "version": "4.2.4",
      "resolved": "https://alm-npmjs/nexus/repository/npm_group/@testing-library/jest-dom/-/jest-dom-4.2.4.tgz",
      "integrity": "sha512-j31Bn0rQo12fhCWOUWy9fl7wtqkp7In/YP2p5ZFyRuiiB9Qs3g+hS4gAmDWONbAHcRmVooNJ5eOHQDCOmUFXHg==",
      "requires": {
        "@babel/runtime": "^7.5.1",
        "chalk": "^2.4.1",
        "css": "^2.2.3",
        "css.escape": "^1.5.1",
        "jest-diff": "^24.0.0",
        "jest-matcher-utils": "^24.0.0",
        "lodash": "^4.17.11",
        "pretty-format": "^24.0.0",
        "redent": "^3.0.0"
      }
    },
    "@testing-library/react": {
      "version": "9.5.0",
      "resolved": "https://alm-npmjs/nexus/repository/npm_group/@testing-library/react/-/react-9.5.0.tgz",
      "integrity": "sha512-di1b+D0p+rfeboHO5W7gTVeZDIK5+maEgstrZbWZSSvxDyfDRkkyBE1AJR5Psd6doNldluXlCWqXriUfqu/9Qg==",
      "requires": {
        "@babel/runtime": "^7.8.4",
        "@testing-library/dom": "^6.15.0",
        "@types/testing-library__react": "^9.1.2"
      }
    },
    "@testing-library/user-event": {
      "version": "7.2.1",
      "resolved": "https://alm-npmjs/nexus/repository/npm_group/@testing-library/user-event/-/user-event-7.2.1.tgz",
      "integrity": "sha512-oZ0Ib5I4Z2pUEcoo95cT1cr6slco9WY7yiPpG+RGNkj8YcYgJnM7pXmYmorNOReh8MIGcKSqXyeGjxnr8YiZbA=="
    },
    "@types/istanbul-lib-coverage": {
      "version": "2.0.3",
      "resolved": "https://alm-npmjs/nexus/repository/npm_group/@types/istanbul-lib-coverage/-/istanbul-lib-coverage-2.0.3.tgz",
      "integrity": "sha512-sz7iLqvVUg1gIedBOvlkxPlc8/uVzyS5OwGz1cKjXzkl3FpL3al0crU8YGU1WoHkxn0Wxbw5tyi6hvzJKNzFsw=="
    },
    "@types/istanbul-lib-report": {
      "version": "3.0.0",
      "resolved": "https://alm-npmjs/nexus/repository/npm_group/@types/istanbul-lib-report/-/istanbul-lib-report-3.0.0.tgz",
      "integrity": "sha512-plGgXAPfVKFoYfa9NpYDAkseG+g6Jr294RqeqcqDixSbU34MZVJRi/P+7Y8GDpzkEwLaGZZOpKIEmeVZNtKsrg==",
      "requires": {
        "@types/istanbul-lib-coverage": "*"
      }
    },
    "@types/istanbul-reports": {
      "version": "1.1.2",
      "resolved": "https://alm-npmjs/nexus/repository/npm_group/@types/istanbul-reports/-/istanbul-reports-1.1.2.tgz",
      "integrity": "sha512-P/W9yOX/3oPZSpaYOCQzGqgCQRXn0FFO/V8bWrCQs+wLmvVVxk6CRBXALEvNs9OHIatlnlFokfhuDo2ug01ciw==",
      "requires": {
        "@types/istanbul-lib-coverage": "*",
        "@types/istanbul-lib-report": "*"
      }
    },
    "@types/prop-types": {
      "version": "15.7.3",
      "resolved": "https://alm-npmjs/nexus/repository/npm_group/@types/prop-types/-/prop-types-15.7.3.tgz",
      "integrity": "sha512-KfRL3PuHmqQLOG+2tGpRO26Ctg+Cq1E01D2DMriKEATHgWLfeNDmq9e29Q9WIky0dQ3NPkd1mzYH8Lm936Z9qw=="
    },
    "@types/react": {
      "version": "16.9.55",
      "resolved": "https://alm-npmjs/nexus/repository/npm_group/@types/react/-/react-16.9.55.tgz",
      "integrity": "sha512-6KLe6lkILeRwyyy7yG9rULKJ0sXplUsl98MGoCfpteXf9sPWFWWMknDcsvubcpaTdBuxtsLF6HDUwdApZL/xIg==",
      "requires": {
        "@types/prop-types": "*",
        "csstype": "^3.0.2"
      }
    },
    "@types/react-dom": {
      "version": "16.9.9",
      "resolved": "https://alm-npmjs/nexus/repository/npm_group/@types/react-dom/-/react-dom-16.9.9.tgz",
      "integrity": "sha512-jE16FNWO3Logq/Lf+yvEAjKzhpST/Eac8EMd1i4dgZdMczfgqC8EjpxwNgEe3SExHYLliabXDh9DEhhqnlXJhg==",
      "requires": {
        "@types/react": "*"
      }
    },
    "@types/testing-library__dom": {
      "version": "6.14.0",
      "resolved": "https://alm-npmjs/nexus/repository/npm_group/@types/testing-library__dom/-/testing-library__dom-6.14.0.tgz",
      "integrity": "sha512-sMl7OSv0AvMOqn1UJ6j1unPMIHRXen0Ita1ujnMX912rrOcawe4f7wu0Zt9GIQhBhJvH2BaibqFgQ3lP+Pj2hA==",
      "requires": {
        "pretty-format": "^24.3.0"
      }
    },
    "@types/testing-library__react": {
      "version": "9.1.3",
      "resolved": "https://alm-npmjs/nexus/repository/npm_group/@types/testing-library__react/-/testing-library__react-9.1.3.tgz",
      "integrity": "sha512-iCdNPKU3IsYwRK9JieSYAiX0+aYDXOGAmrC/3/M7AqqSDKnWWVv07X+Zk1uFSL7cMTUYzv4lQRfohucEocn5/w==",
      "requires": {
        "@types/react-dom": "*",
        "@types/testing-library__dom": "*",
        "pretty-format": "^25.1.0"
      },
      "dependencies": {
        "@jest/types": {
          "version": "25.5.0",
          "resolved": "https://alm-npmjs/nexus/repository/npm_group/@jest/types/-/types-25.5.0.tgz",
          "integrity": "sha512-OXD0RgQ86Tu3MazKo8bnrkDRaDXXMGUqd+kTtLtK1Zb7CRzQcaSRPPPV37SvYTdevXEBVxe0HXylEjs8ibkmCw==",
          "requires": {
            "@types/istanbul-lib-coverage": "^2.0.0",
            "@types/istanbul-reports": "^1.1.1",
            "@types/yargs": "^15.0.0",
            "chalk": "^3.0.0"
          }
        },
        "@types/yargs": {
          "version": "15.0.9",
          "resolved": "https://alm-npmjs/nexus/repository/npm_group/@types/yargs/-/yargs-15.0.9.tgz",
          "integrity": "sha512-HmU8SeIRhZCWcnRskCs36Q1Q00KBV6Cqh/ora8WN1+22dY07AZdn6Gel8QZ3t26XYPImtcL8WV/eqjhVmMEw4g==",
          "requires": {
            "@types/yargs-parser": "*"
          }
        },
        "ansi-regex": {
          "version": "5.0.0",
          "resolved": "https://alm-npmjs/nexus/repository/npm_group/ansi-regex/-/ansi-regex-5.0.0.tgz",
          "integrity": "sha512-bY6fj56OUQ0hU1KjFNDQuJFezqKdrAyFdIevADiqrWHwSlbmBNMHp5ak2f40Pm8JTFyM2mqxkG6ngkHO11f/lg=="
        },
        "ansi-styles": {
          "version": "4.3.0",
          "resolved": "https://alm-npmjs/nexus/repository/npm_group/ansi-styles/-/ansi-styles-4.3.0.tgz",
          "integrity": "sha512-zbB9rCJAT1rbjiVDb2hqKFHNYLxgtk8NURxZ3IZwD3F6NtxbXZQCnnSi1Lkx+IDohdPlFp222wVALIheZJQSEg==",
          "requires": {
            "color-convert": "^2.0.1"
          }
        },
        "chalk": {
          "version": "3.0.0",
          "resolved": "https://alm-npmjs/nexus/repository/npm_group/chalk/-/chalk-3.0.0.tgz",
          "integrity": "sha512-4D3B6Wf41KOYRFdszmDqMCGq5VV/uMAB273JILmO+3jAlh8X4qDtdtgCR3fxtbLEMzSx22QdhnDcJvu2u1fVwg==",
          "requires": {
            "ansi-styles": "^4.1.0",
            "supports-color": "^7.1.0"
          }
        },
        "color-convert": {
          "version": "2.0.1",
          "resolved": "https://alm-npmjs/nexus/repository/npm_group/color-convert/-/color-convert-2.0.1.tgz",
          "integrity": "sha512-RRECPsj7iu/xb5oKYcsFHSppFNnsj/52OVTRKb4zP5onXwVF3zVmmToNcOfGC+CRDpfK/U584fMg38ZHCaElKQ==",
          "requires": {
            "color-name": "~1.1.4"
          }
        },
        "color-name": {
          "version": "1.1.4",
          "resolved": "https://alm-npmjs/nexus/repository/npm_group/color-name/-/color-name-1.1.4.tgz",
          "integrity": "sha512-dOy+3AuW3a2wNbZHIuMZpTcgjGuLU/uBL/ubcZF9OXbDo8ff4O8yVp5Bf0efS8uEoYo5q4Fx7dY9OgQGXgAsQA=="
        },
        "has-flag": {
          "version": "4.0.0",
          "resolved": "https://alm-npmjs/nexus/repository/npm_group/has-flag/-/has-flag-4.0.0.tgz",
          "integrity": "sha512-EykJT/Q1KjTWctppgIAgfSO0tKVuZUjhgMr17kqTumMl6Afv3EISleU7qZUzoXDFTAHTDC4NOoG/ZxU3EvlMPQ=="
        },
        "pretty-format": {
          "version": "25.5.0",
          "resolved": "https://alm-npmjs/nexus/repository/npm_group/pretty-format/-/pretty-format-25.5.0.tgz",
          "integrity": "sha512-kbo/kq2LQ/A/is0PQwsEHM7Ca6//bGPPvU6UnsdDRSKTWxT/ru/xb88v4BJf6a69H+uTytOEsTusT9ksd/1iWQ==",
          "requires": {
            "@jest/types": "^25.5.0",
            "ansi-regex": "^5.0.0",
            "ansi-styles": "^4.0.0",
            "react-is": "^16.12.0"
          }
        },
        "supports-color": {
          "version": "7.2.0",
          "resolved": "https://alm-npmjs/nexus/repository/npm_group/supports-color/-/supports-color-7.2.0.tgz",
          "integrity": "sha512-qpCAvRl9stuOHveKsn7HncJRvv501qIacKzQlO/+Lwxc9+0q2wLyv4Dfvt80/DPn2pqOBsJdDiogXGR9+OvwRw==",
          "requires": {
            "has-flag": "^4.0.0"
          }
        }
      }
    },
    "@types/yargs": {
      "version": "13.0.11",
      "resolved": "https://alm-npmjs/nexus/repository/npm_group/@types/yargs/-/yargs-13.0.11.tgz",
      "integrity": "sha512-NRqD6T4gktUrDi1o1wLH3EKC1o2caCr7/wR87ODcbVITQF106OM3sFN92ysZ++wqelOd1CTzatnOBRDYYG6wGQ==",
      "requires": {
        "@types/yargs-parser": "*"
      }
    },
    "@types/yargs-parser": {
      "version": "15.0.0",
      "resolved": "https://alm-npmjs/nexus/repository/npm_group/@types/yargs-parser/-/yargs-parser-15.0.0.tgz",
      "integrity": "sha512-FA/BWv8t8ZWJ+gEOnLLd8ygxH/2UFbAvgEonyfN6yWGLKc7zVjbpl2Y4CTjid9h2RfgPP6SEt6uHwEOply00yw=="
    },
    "ansi-regex": {
      "version": "4.1.0",
      "resolved": "https://alm-npmjs/nexus/repository/npm_group/ansi-regex/-/ansi-regex-4.1.0.tgz",
      "integrity": "sha512-1apePfXM1UOSqw0o9IiFAovVz9M5S1Dg+4TrDwfMewQ6p/rmMueb7tWZjQ1rx4Loy1ArBggoqGpfqqdI4rondg=="
    },
    "ansi-styles": {
      "version": "3.2.1",
      "resolved": "https://alm-npmjs/nexus/repository/npm_group/ansi-styles/-/ansi-styles-3.2.1.tgz",
      "integrity": "sha512-VT0ZI6kZRdTh8YyJw3SMbYm/u+NqfsAxEpWO0Pf9sq8/e94WxxOpPKx9FR1FlyCtOVDNOQ+8ntlqFxiRc+r5qA==",
      "requires": {
        "color-convert": "^1.9.0"
      }
    },
    "aria-query": {
      "version": "4.2.2",
      "resolved": "https://alm-npmjs/nexus/repository/npm_group/aria-query/-/aria-query-4.2.2.tgz",
      "integrity": "sha512-o/HelwhuKpTj/frsOsbNLNgnNGVIFsVP/SW2BSF14gVl7kAfMOJ6/8wUAUvG1R1NHKrfG+2sHZTu0yauT1qBrA==",
      "requires": {
        "@babel/runtime": "^7.10.2",
        "@babel/runtime-corejs3": "^7.10.2"
      }
    },
    "array.prototype.find": {
      "version": "2.0.4",
      "resolved": "https://alm-npmjs/nexus/repository/npm_group/array.prototype.find/-/array.prototype.find-2.0.4.tgz",
      "integrity": "sha1-VWpcU2LAhkgyPdrrnenRS8GGTJA=",
      "requires": {
        "define-properties": "^1.1.2",
        "es-abstract": "^1.7.0"
      },
      "dependencies": {
        "es-abstract": {
          "version": "1.17.7",
          "resolved": "https://alm-npmjs/nexus/repository/npm_group/es-abstract/-/es-abstract-1.17.7.tgz",
          "integrity": "sha512-VBl/gnfcJ7OercKA9MVaegWsBHFjV492syMudcnQZvt/Dw8ezpcOHYZXa/J96O8vx+g4x65YKhxOwDUh63aS5g==",
          "requires": {
            "es-to-primitive": "^1.2.1",
            "function-bind": "^1.1.1",
            "has": "^1.0.3",
            "has-symbols": "^1.0.1",
            "is-callable": "^1.2.2",
            "is-regex": "^1.1.1",
            "object-inspect": "^1.8.0",
            "object-keys": "^1.1.1",
            "object.assign": "^4.1.1",
            "string.prototype.trimend": "^1.0.1",
            "string.prototype.trimstart": "^1.0.1"
          }
        }
      }
    },
    "atob": {
      "version": "2.1.2",
      "resolved": "https://alm-npmjs/nexus/repository/npm_group/atob/-/atob-2.1.2.tgz",
      "integrity": "sha512-Wm6ukoaOGJi/73p/cl2GvLjTI5JM1k/O14isD73YML8StrH/7/lRFgmg8nICZgD3bZZvjwCGxtMOD3wWNAu8cg=="
    },
    "azure-devops-extension-api": {
      "version": "1.158.0",
      "resolved": "https://alm-npmjs/nexus/repository/npm_group/azure-devops-extension-api/-/azure-devops-extension-api-1.158.0.tgz",
      "integrity": "sha512-J8eFuySLBuueKUenJAFvbbE095OMkoCU2yfY5F6G+6qyFMHvNvaubGvIRmC6ja2KckbdjJ62DQS5h/1bwULr1g==",
      "requires": {
        "azure-devops-extension-sdk": "~2.0.11",
        "whatwg-fetch": "~3.0.0"
      },
      "dependencies": {
        "whatwg-fetch": {
          "version": "3.0.1",
          "resolved": "https://alm-npmjs/nexus/repository/npm_group/whatwg-fetch/-/whatwg-fetch-3.0.1.tgz",
          "integrity": "sha512-gPeS9Ef8bSigQwAZiSbQyyU/sBQP1Qo6r112A2shGw5B6+4YT1D8O0oXXwF3zgXXLrrfxbIeP8fM3JmsoWU4Vw=="
        }
      }
    },
    "azure-devops-extension-sdk": {
      "version": "2.0.11",
      "resolved": "https://alm-npmjs/nexus/repository/npm_group/azure-devops-extension-sdk/-/azure-devops-extension-sdk-2.0.11.tgz",
      "integrity": "sha512-9Hv4IeKpXR7EbaQn75Qz78rp0nv88XzRTF20E2oHlEFc+TRerekQnJjdrTHChoVvPvsWL/NAEwlqINU60U7neg==",
      "requires": {
        "es6-object-assign": "^1.1.0",
        "es6-promise": "^4.2.5"
      }
    },
    "azure-devops-ui": {
      "version": "2.166.99",
      "resolved": "https://alm-npmjs/nexus/repository/npm_group/azure-devops-ui/-/azure-devops-ui-2.166.99.tgz",
      "integrity": "sha512-ONfewmksJRtiGPWMLr2ohSNnN+Dcppv5GThNYvFzvOmGcK4jv6eq77RegRMUqGlBJKscjVFcLMT4M3eJfCzg/w==",
      "requires": {
        "array.prototype.find": "~2.0.4",
        "es6-object-assign": "~1.1.0",
        "es6-promise": "~4.2.5",
        "es6-string-polyfills": "~1.0.0",
        "intersection-observer": "~0.5.1",
        "tslib": "~1.10.0"
      },
      "dependencies": {
        "tslib": {
          "version": "1.10.0",
          "resolved": "https://alm-npmjs/nexus/repository/npm_group/tslib/-/tslib-1.10.0.tgz",
          "integrity": "sha512-qOebF53frne81cf0S9B41ByenJ3/IuH8yJKngAX35CmiZySA0khhkovshKK+jGCaMnVomla7gVlIcc3EvKPbTQ=="
        }
      }
    },
    "chalk": {
      "version": "2.4.2",
      "resolved": "https://alm-npmjs/nexus/repository/npm_group/chalk/-/chalk-2.4.2.tgz",
      "integrity": "sha512-Mti+f9lpJNcwF4tWV8/OrTTtF1gZi+f8FqlyAdouralcFWFQWF2+NgCHShjkCb+IFBLq9buZwE1xckQU4peSuQ==",
      "requires": {
        "ansi-styles": "^3.2.1",
        "escape-string-regexp": "^1.0.5",
        "supports-color": "^5.3.0"
      }
    },
    "color-convert": {
      "version": "1.9.3",
      "resolved": "https://alm-npmjs/nexus/repository/npm_group/color-convert/-/color-convert-1.9.3.tgz",
      "integrity": "sha512-QfAUtd+vFdAtFQcC8CCyYt1fYWxSqAiK2cSD6zDB8N3cpsEBAvRxp9zOGg6G/SHHJYAT88/az/IuDGALsNVbGg==",
      "requires": {
        "color-name": "1.1.3"
      }
    },
    "color-name": {
      "version": "1.1.3",
      "resolved": "https://alm-npmjs/nexus/repository/npm_group/color-name/-/color-name-1.1.3.tgz",
      "integrity": "sha512-72fSenhMw2HZMTVHeCA9KCmpEIbzWiQsjN+BHcBbS9vr1mtt+vJjPdksIBNUmKAW8TFUDPJK5SUU3QhE9NEXDw=="
    },
    "core-js-pure": {
      "version": "3.6.5",
      "resolved": "https://alm-npmjs/nexus/repository/npm_group/core-js-pure/-/core-js-pure-3.6.5.tgz",
      "integrity": "sha512-lacdXOimsiD0QyNf9BC/mxivNJ/ybBGJXQFKzRekp1WTHoVUWsUHEn+2T8GJAzzIhyOuXA+gOxCVN3l+5PLPUA=="
    },
    "css": {
      "version": "2.2.4",
      "resolved": "https://alm-npmjs/nexus/repository/npm_group/css/-/css-2.2.4.tgz",
      "integrity": "sha512-oUnjmWpy0niI3x/mPL8dVEI1l7MnG3+HHyRPHf+YFSbK+svOhXpmSOcDURUh2aOCgl2grzrOPt1nHLuCVFULLw==",
      "requires": {
        "inherits": "^2.0.3",
        "source-map": "^0.6.1",
        "source-map-resolve": "^0.5.2",
        "urix": "^0.1.0"
      }
    },
    "css.escape": {
      "version": "1.5.1",
      "resolved": "https://alm-npmjs/nexus/repository/npm_group/css.escape/-/css.escape-1.5.1.tgz",
      "integrity": "sha1-QuJ9T6BK4y+TGktNQZH6nN3ul8s="
    },
    "csstype": {
      "version": "3.0.4",
      "resolved": "https://alm-npmjs/nexus/repository/npm_group/csstype/-/csstype-3.0.4.tgz",
      "integrity": "sha512-xc8DUsCLmjvCfoD7LTGE0ou2MIWLx0K9RCZwSHMOdynqRsP4MtUcLeqh1HcQ2dInwDTqn+3CE0/FZh1et+p4jA=="
    },
    "decode-uri-component": {
      "version": "0.2.0",
      "resolved": "https://alm-npmjs/nexus/repository/npm_group/decode-uri-component/-/decode-uri-component-0.2.0.tgz",
      "integrity": "sha512-hjf+xovcEn31w/EUYdTXQh/8smFL/dzYjohQGEIgjyNavaJfBY2p5F527Bo1VPATxv0VYTUC2bOcXvqFwk78Og=="
    },
    "define-properties": {
      "version": "1.1.3",
      "resolved": "https://alm-npmjs/nexus/repository/npm_group/define-properties/-/define-properties-1.1.3.tgz",
      "integrity": "sha512-3MqfYKj2lLzdMSf8ZIZE/V+Zuy+BgD6f164e8K2w7dgnpKArBDerGYpM46IYYcjnkdPNMjPk9A6VFB8+3SKlXQ==",
      "requires": {
        "object-keys": "^1.0.12"
      }
    },
    "diff-sequences": {
      "version": "24.9.0",
      "resolved": "https://alm-npmjs/nexus/repository/npm_group/diff-sequences/-/diff-sequences-24.9.0.tgz",
      "integrity": "sha512-Dj6Wk3tWyTE+Fo1rW8v0Xhwk80um6yFYKbuAxc9c3EZxIHFDYwbi34Uk42u1CdnIiVorvt4RmlSDjIPyzGC2ew=="
    },
    "dom-accessibility-api": {
      "version": "0.3.0",
      "resolved": "https://alm-npmjs/nexus/repository/npm_group/dom-accessibility-api/-/dom-accessibility-api-0.3.0.tgz",
      "integrity": "sha512-PzwHEmsRP3IGY4gv/Ug+rMeaTIyTJvadCb+ujYXYeIylbHJezIyNToe8KfEgHTCEYyC+/bUghYOGg8yMGlZ6vA=="
    },
    "es-abstract": {
      "version": "1.18.0-next.1",
      "resolved": "https://alm-npmjs/nexus/repository/npm_group/es-abstract/-/es-abstract-1.18.0-next.1.tgz",
      "integrity": "sha512-I4UGspA0wpZXWENrdA0uHbnhte683t3qT/1VFH9aX2dA5PPSf6QW5HHXf5HImaqPmjXaVeVk4RGWnaylmV7uAA==",
      "requires": {
        "es-to-primitive": "^1.2.1",
        "function-bind": "^1.1.1",
        "has": "^1.0.3",
        "has-symbols": "^1.0.1",
        "is-callable": "^1.2.2",
        "is-negative-zero": "^2.0.0",
        "is-regex": "^1.1.1",
        "object-inspect": "^1.8.0",
        "object-keys": "^1.1.1",
        "object.assign": "^4.1.1",
        "string.prototype.trimend": "^1.0.1",
        "string.prototype.trimstart": "^1.0.1"
      }
    },
    "es-to-primitive": {
      "version": "1.2.1",
      "resolved": "https://alm-npmjs/nexus/repository/npm_group/es-to-primitive/-/es-to-primitive-1.2.1.tgz",
      "integrity": "sha512-QCOllgZJtaUo9miYBcLChTUaHNjJF3PYs1VidD7AwiEj1kYxKeQTctLAezAOH5ZKRH0g2IgPn6KwB4IT8iRpvA==",
      "requires": {
        "is-callable": "^1.1.4",
        "is-date-object": "^1.0.1",
        "is-symbol": "^1.0.2"
      }
    },
    "es6-object-assign": {
      "version": "1.1.0",
      "resolved": "https://alm-npmjs/nexus/repository/npm_group/es6-object-assign/-/es6-object-assign-1.1.0.tgz",
      "integrity": "sha512-MEl9uirslVwqQU369iHNWZXsI8yaZYGg/D65aOgZkeyFJwHYSxilf7rQzXKI7DdDuBPrBXbfk3sl9hJhmd5AUw=="
    },
    "es6-promise": {
      "version": "4.2.8",
      "resolved": "https://alm-npmjs/nexus/repository/npm_group/es6-promise/-/es6-promise-4.2.8.tgz",
      "integrity": "sha512-HJDGx5daxeIvxdBxvG2cb9g4tEvwIk3i8+nhX0yGrYmZUzbkdg8QbDevheDB8gd0//uPj4c1EQua8Q+MViT0/w=="
    },
    "es6-string-polyfills": {
      "version": "1.0.0",
      "resolved": "https://alm-npmjs/nexus/repository/npm_group/es6-string-polyfills/-/es6-string-polyfills-1.0.0.tgz",
      "integrity": "sha1-AKiHjwXpzN+qiYdX5WPFd4TG/NE=",
      "requires": {
        "string.fromcodepoint": "^0.2.1",
        "string.prototype.codepointat": "^0.2.0",
        "string.prototype.endswith": "^0.2.0",
        "string.prototype.includes": "^1.0.0",
        "string.prototype.repeat": "^0.2.0",
        "string.prototype.startswith": "^0.2.0"
      }
    },
    "escape-string-regexp": {
      "version": "1.0.5",
      "resolved": "https://alm-npmjs/nexus/repository/npm_group/escape-string-regexp/-/escape-string-regexp-1.0.5.tgz",
      "integrity": "sha512-vbRorB5FUQWvla16U8R/qgaFIya2qGzwDrNmCZuYKrbdSUMG6I1ZCGQRefkRVhuOkIGVne7BQ35DSfo1qvJqFg=="
    },
    "fs": {
      "version": "0.0.2",
      "resolved": "https://alm-npmjs/nexus/repository/npm_group/fs/-/fs-0.0.2.tgz",
      "integrity": "sha512-YAiVokMCrSIFZiroB1oz51hPiPRVcUtSa4x2U5RYXyhS9VAPdiFigKbPTnOSq7XY8wd3FIVPYmXpo5lMzFmxgg=="
    },
    "fs-extra": {
      "version": "8.1.0",
      "resolved": "https://alm-npmjs/nexus/repository/npm_group/fs-extra/-/fs-extra-8.1.0.tgz",
      "integrity": "sha512-yhlQgA6mnOJUKOsRUFsgJdQCvkKhcz8tlZG5HBQfReYZy46OwLcY+Zia0mtdHsOo9y/hP+CxMN0TU9QxoOtG4g==",
      "requires": {
        "graceful-fs": "^4.2.0",
        "jsonfile": "^4.0.0",
        "universalify": "^0.1.0"
      }
    },
    "function-bind": {
      "version": "1.1.1",
      "resolved": "https://alm-npmjs/nexus/repository/npm_group/function-bind/-/function-bind-1.1.1.tgz",
      "integrity": "sha512-yIovAzMX49sF8Yl58fSCWJ5svSLuaibPxXQJFLmBObTuCr0Mf1KiPopGM9NiFjiYBCbfaa2Fh6breQ6ANVTI0A=="
    },
    "graceful-fs": {
      "version": "4.2.4",
      "resolved": "https://alm-npmjs/nexus/repository/npm_group/graceful-fs/-/graceful-fs-4.2.4.tgz",
      "integrity": "sha512-WjKPNJF79dtJAVniUlGGWHYGz2jWxT6VhN/4m1NdkbZ2nOsEF+cI1Edgql5zCRhs/VsQYRvrXctxktVXZUkixw=="
    },
    "has": {
      "version": "1.0.3",
      "resolved": "https://alm-npmjs/nexus/repository/npm_group/has/-/has-1.0.3.tgz",
      "integrity": "sha512-f2dvO0VU6Oej7RkWJGrehjbzMAjFp5/VKPp5tTpWIV4JHHZK1/BxbFRtf/siA2SWTe09caDmVtYYzWEIbBS4zw==",
      "requires": {
        "function-bind": "^1.1.1"
      }
    },
    "has-flag": {
      "version": "3.0.0",
      "resolved": "https://alm-npmjs/nexus/repository/npm_group/has-flag/-/has-flag-3.0.0.tgz",
      "integrity": "sha512-sKJf1+ceQBr4SMkvQnBDNDtf4TXpVhVGateu0t918bl30FnbE2m4vNLX+VWe/dpjlb+HugGYzW7uQXH98HPEYw=="
    },
    "has-symbols": {
      "version": "1.0.1",
      "resolved": "https://alm-npmjs/nexus/repository/npm_group/has-symbols/-/has-symbols-1.0.1.tgz",
      "integrity": "sha512-PLcsoqu++dmEIZB+6totNFKq/7Do+Z0u4oT0zKOJNl3lYK6vGwwu2hjHs+68OEZbTjiUE9bgOABXbP/GvrS0Kg=="
    },
    "indent-string": {
      "version": "4.0.0",
      "resolved": "https://alm-npmjs/nexus/repository/npm_group/indent-string/-/indent-string-4.0.0.tgz",
      "integrity": "sha512-EdDDZu4A2OyIK7Lr/2zG+w5jmbuk1DVBnEwREQvBzspBJkCEbRa8GxU1lghYcaGJCnRWibjDXlq779X1/y5xwg=="
    },
    "inherits": {
      "version": "2.0.4",
      "resolved": "https://alm-npmjs/nexus/repository/npm_group/inherits/-/inherits-2.0.4.tgz",
      "integrity": "sha512-k/vGaX4/Yla3WzyMCvTQOXYeIHvqOKtnqBduzTHpzpQZzAskKMhZ2K+EnBiSM9zGSoIFeMpXKxa4dYeZIQqewQ=="
    },
    "intersection-observer": {
      "version": "0.5.1",
      "resolved": "https://alm-npmjs/nexus/repository/npm_group/intersection-observer/-/intersection-observer-0.5.1.tgz",
      "integrity": "sha512-Zd7Plneq82kiXFixs7bX62YnuZ0BMRci9br7io88LwDyF3V43cQMI+G5IiTlTNTt+LsDUppl19J/M2Fp9UkH6g=="
    },
    "is-callable": {
      "version": "1.2.2",
      "resolved": "https://alm-npmjs/nexus/repository/npm_group/is-callable/-/is-callable-1.2.2.tgz",
      "integrity": "sha512-dnMqspv5nU3LoewK2N/y7KLtxtakvTuaCsU9FU50/QDmdbHNy/4/JuRtMHqRU22o3q+W89YQndQEeCVwK+3qrA=="
    },
    "is-date-object": {
      "version": "1.0.2",
      "resolved": "https://alm-npmjs/nexus/repository/npm_group/is-date-object/-/is-date-object-1.0.2.tgz",
      "integrity": "sha512-USlDT524woQ08aoZFzh3/Z6ch9Y/EWXEHQ/AaRN0SkKq4t2Jw2R2339tSXmwuVoY7LLlBCbOIlx2myP/L5zk0g=="
    },
    "is-negative-zero": {
      "version": "2.0.0",
      "resolved": "https://alm-npmjs/nexus/repository/npm_group/is-negative-zero/-/is-negative-zero-2.0.0.tgz",
      "integrity": "sha1-lVOxIbD6wohp2p7UWeIMdUN4hGE="
    },
    "is-regex": {
      "version": "1.1.1",
      "resolved": "https://alm-npmjs/nexus/repository/npm_group/is-regex/-/is-regex-1.1.1.tgz",
      "integrity": "sha512-1+QkEcxiLlB7VEyFtyBg94e08OAsvq7FUBgApTq/w2ymCLyKJgDPsybBENVtA7XCQEgEXxKPonG+mvYRxh/LIg==",
      "requires": {
        "has-symbols": "^1.0.1"
      }
    },
    "is-symbol": {
      "version": "1.0.3",
      "resolved": "https://alm-npmjs/nexus/repository/npm_group/is-symbol/-/is-symbol-1.0.3.tgz",
      "integrity": "sha512-OwijhaRSgqvhm/0ZdAcXNZt9lYdKFpcRDT5ULUuYXPoT794UNOdU+gpT6Rzo7b4V2HUl/op6GqY894AZwv9faQ==",
      "requires": {
        "has-symbols": "^1.0.1"
      }
    },
    "jest-diff": {
      "version": "24.9.0",
      "resolved": "https://alm-npmjs/nexus/repository/npm_group/jest-diff/-/jest-diff-24.9.0.tgz",
      "integrity": "sha512-qMfrTs8AdJE2iqrTp0hzh7kTd2PQWrsFyj9tORoKmu32xjPjeE4NyjVRDz8ybYwqS2ik8N4hsIpiVTyFeo2lBQ==",
      "requires": {
        "chalk": "^2.0.1",
        "diff-sequences": "^24.9.0",
        "jest-get-type": "^24.9.0",
        "pretty-format": "^24.9.0"
      }
    },
    "jest-get-type": {
      "version": "24.9.0",
      "resolved": "https://alm-npmjs/nexus/repository/npm_group/jest-get-type/-/jest-get-type-24.9.0.tgz",
      "integrity": "sha512-lUseMzAley4LhIcpSP9Jf+fTrQ4a1yHQwLNeeVa2cEmbCGeoZAtYPOIv8JaxLD/sUpKxetKGP+gsHl8f8TSj8Q=="
    },
    "jest-matcher-utils": {
      "version": "24.9.0",
      "resolved": "https://alm-npmjs/nexus/repository/npm_group/jest-matcher-utils/-/jest-matcher-utils-24.9.0.tgz",
      "integrity": "sha512-OZz2IXsu6eaiMAwe67c1T+5tUAtQyQx27/EMEkbFAGiw52tB9em+uGbzpcgYVpA8wl0hlxKPZxrly4CXU/GjHA==",
      "requires": {
        "chalk": "^2.0.1",
        "jest-diff": "^24.9.0",
        "jest-get-type": "^24.9.0",
        "pretty-format": "^24.9.0"
      }
    },
    "js-tokens": {
      "version": "4.0.0",
      "resolved": "https://alm-npmjs/nexus/repository/npm_group/js-tokens/-/js-tokens-4.0.0.tgz",
      "integrity": "sha512-RdJUflcE3cUzKiMqQgsCu06FPu9UdIJO0beYbPhHN4k6apgJtifcoCtT9bcxOpYBtpD2kCM6Sbzg4CausW/PKQ=="
    },
    "jsonfile": {
      "version": "4.0.0",
      "resolved": "https://alm-npmjs/nexus/repository/npm_group/jsonfile/-/jsonfile-4.0.0.tgz",
      "integrity": "sha512-m6F1R3z8jjlf2imQHS2Qez5sjKWQzbuuhuJ/FKYFRZvPE3PuHcSMVZzfsLhGVOkfd20obL5SWEBew5ShlquNxg==",
      "requires": {
        "graceful-fs": "^4.1.6"
      }
    },
    "lodash": {
      "version": "4.17.20",
      "resolved": "https://alm-npmjs/nexus/repository/npm_group/lodash/-/lodash-4.17.20.tgz",
      "integrity": "sha512-PlhdFcillOINfeV7Ni6oF1TAEayyZBoZ8bcshTHqOYJYlrqzRK5hagpagky5o4HfCzzd1TRkXPMFq6cKk9rGmA=="
    },
    "loose-envify": {
      "version": "1.4.0",
      "resolved": "https://alm-npmjs/nexus/repository/npm_group/loose-envify/-/loose-envify-1.4.0.tgz",
      "integrity": "sha512-lyuxPGr/Wfhrlem2CL/UcnUc1zcqKAImBDzukY7Y5F/yQiNdko6+fRLevlw1HgMySw7f611UIY408EtxRSoK3Q==",
      "requires": {
        "js-tokens": "^3.0.0 || ^4.0.0"
      }
    },
    "min-indent": {
      "version": "1.0.1",
      "resolved": "https://alm-npmjs/nexus/repository/npm_group/min-indent/-/min-indent-1.0.1.tgz",
      "integrity": "sha512-I9jwMn07Sy/IwOj3zVkVik2JTvgpaykDZEigL6Rx6N9LbMywwUSMtxET+7lVoDLLd3O3IXwJwvuuns8UB/HeAg=="
    },
    "object-assign": {
      "version": "4.1.1",
      "resolved": "https://alm-npmjs/nexus/repository/npm_group/object-assign/-/object-assign-4.1.1.tgz",
      "integrity": "sha512-rJgTQnkUnH1sFw8yT6VSU3zD3sWmu6sZhIseY8VX+GRu3P6F7Fu+JNDoXfklElbLJSnc3FUQHVe4cU5hj+BcUg=="
    },
    "object-inspect": {
      "version": "1.8.0",
      "resolved": "https://alm-npmjs/nexus/repository/npm_group/object-inspect/-/object-inspect-1.8.0.tgz",
      "integrity": "sha512-jLdtEOB112fORuypAyl/50VRVIBIdVQOSUUGQHzJ4xBSbit81zRarz7GThkEFZy1RceYrWYcPcBFPQwHyAc1gA=="
    },
    "object-keys": {
      "version": "1.1.1",
      "resolved": "https://alm-npmjs/nexus/repository/npm_group/object-keys/-/object-keys-1.1.1.tgz",
      "integrity": "sha512-NuAESUOUMrlIXOfHKzD6bpPu3tYt3xvjNdRIQ+FeT0lNb4K8WR70CaDxhuNguS2XG+GjkyMwOzsN5ZktImfhLA=="
    },
    "object.assign": {
      "version": "4.1.1",
      "resolved": "https://alm-npmjs/nexus/repository/npm_group/object.assign/-/object.assign-4.1.1.tgz",
      "integrity": "sha512-VT/cxmx5yaoHSOTSyrCygIDFco+RsibY2NM0a4RdEeY/4KgqezwFtK1yr3U67xYhqJSlASm2pKhLVzPj2lr4bA==",
      "requires": {
        "define-properties": "^1.1.3",
        "es-abstract": "^1.18.0-next.0",
        "has-symbols": "^1.0.1",
        "object-keys": "^1.1.1"
      }
    },
    "pretty-format": {
      "version": "24.9.0",
      "resolved": "https://alm-npmjs/nexus/repository/npm_group/pretty-format/-/pretty-format-24.9.0.tgz",
      "integrity": "sha512-00ZMZUiHaJrNfk33guavqgvfJS30sLYf0f8+Srklv0AMPodGGHcoHgksZ3OThYnIvOd+8yMCn0YiEOogjlgsnA==",
      "requires": {
        "@jest/types": "^24.9.0",
        "ansi-regex": "^4.0.0",
        "ansi-styles": "^3.2.0",
        "react-is": "^16.8.4"
      }
    },
    "prop-types": {
      "version": "15.7.2",
      "resolved": "https://alm-npmjs/nexus/repository/npm_group/prop-types/-/prop-types-15.7.2.tgz",
      "integrity": "sha512-8QQikdH7//R2vurIJSutZ1smHYTcLpRWEOlHnzcWHmBYrOGUysKwSsrC89BCiFj3CbrfJ/nXFdJepOVrY1GCHQ==",
      "requires": {
        "loose-envify": "^1.4.0",
        "object-assign": "^4.1.1",
        "react-is": "^16.8.1"
      }
    },
    "react": {
      "version": "16.14.0",
      "resolved": "https://alm-npmjs/nexus/repository/npm_group/react/-/react-16.14.0.tgz",
      "integrity": "sha512-0X2CImDkJGApiAlcf0ODKIneSwBPhqJawOa5wCtKbu7ZECrmS26NvtSILynQ66cgkT/RJ4LidJOc3bUESwmU8g==",
      "requires": {
        "loose-envify": "^1.1.0",
        "object-assign": "^4.1.1",
        "prop-types": "^15.6.2"
      }
    },
    "react-dom": {
      "version": "16.14.0",
      "resolved": "https://alm-npmjs/nexus/repository/npm_group/react-dom/-/react-dom-16.14.0.tgz",
      "integrity": "sha512-1gCeQXDLoIqMgqD3IO2Ah9bnf0w9kzhwN5q4FGnHZ67hBm9yePzB5JJAIQCc8x3pFnNlwFq4RidZggNAAkzWWw==",
      "requires": {
        "loose-envify": "^1.1.0",
        "object-assign": "^4.1.1",
        "prop-types": "^15.6.2",
        "scheduler": "^0.19.1"
      }
    },
    "react-is": {
      "version": "16.13.1",
      "resolved": "https://alm-npmjs/nexus/repository/npm_group/react-is/-/react-is-16.13.1.tgz",
      "integrity": "sha512-24e6ynE2H+OKt4kqsOvNd8kBpV65zoxbA4BVsEOB3ARVWQki/DHzaUoC5KuON/BiccDaCCTZBuOcfZs70kR8bQ=="
    },
    "redent": {
      "version": "3.0.0",
      "resolved": "https://alm-npmjs/nexus/repository/npm_group/redent/-/redent-3.0.0.tgz",
      "integrity": "sha512-6tDA8g98We0zd0GvVeMT9arEOnTw9qM03L9cJXaCjrip1OO764RDBLBfrB4cwzNGDj5OA5ioymC9GkizgWJDUg==",
      "requires": {
        "indent-string": "^4.0.0",
        "strip-indent": "^3.0.0"
      }
    },
    "regenerator-runtime": {
      "version": "0.13.7",
      "resolved": "https://alm-npmjs/nexus/repository/npm_group/regenerator-runtime/-/regenerator-runtime-0.13.7.tgz",
      "integrity": "sha512-a54FxoJDIr27pgf7IgeQGxmqUNYrcV338lf/6gH456HZ/PhX+5BcwHXG9ajESmwe6WRO0tAzRUrRmNONWgkrew=="
    },
    "resolve-url": {
      "version": "0.2.1",
      "resolved": "https://alm-npmjs/nexus/repository/npm_group/resolve-url/-/resolve-url-0.2.1.tgz",
      "integrity": "sha512-ZuF55hVUQaaczgOIwqWzkEcEidmlD/xl44x1UZnhOXcYuFN2S6+rcxpG+C1N3So0wvNI3DmJICUFfu2SxhBmvg=="
    },
    "scheduler": {
      "version": "0.19.1",
      "resolved": "https://alm-npmjs/nexus/repository/npm_group/scheduler/-/scheduler-0.19.1.tgz",
      "integrity": "sha512-n/zwRWRYSUj0/3g/otKDRPMh6qv2SYMWNq85IEa8iZyAv8od9zDYpGSnpBEjNgcMNq6Scbu5KfIPxNF72R/2EA==",
      "requires": {
        "loose-envify": "^1.1.0",
        "object-assign": "^4.1.1"
      }
    },
    "source-map": {
      "version": "0.6.1",
      "resolved": "https://alm-npmjs/nexus/repository/npm_group/source-map/-/source-map-0.6.1.tgz",
      "integrity": "sha512-UjgapumWlbMhkBgzT7Ykc5YXUT46F0iKu8SGXq0bcwP5dz/h0Plj6enJqjz1Zbq2l5WaqYnrVbwWOWMyF3F47g=="
    },
    "source-map-resolve": {
      "version": "0.5.3",
      "resolved": "https://alm-npmjs/nexus/repository/npm_group/source-map-resolve/-/source-map-resolve-0.5.3.tgz",
      "integrity": "sha512-Htz+RnsXWk5+P2slx5Jh3Q66vhQj1Cllm0zvnaY98+NFx+Dv2CF/f5O/t8x+KaNdrdIAsruNzoh/KpialbqAnw==",
      "requires": {
        "atob": "^2.1.2",
        "decode-uri-component": "^0.2.0",
        "resolve-url": "^0.2.1",
        "source-map-url": "^0.4.0",
        "urix": "^0.1.0"
      }
    },
    "source-map-url": {
      "version": "0.4.0",
      "resolved": "https://alm-npmjs/nexus/repository/npm_group/source-map-url/-/source-map-url-0.4.0.tgz",
      "integrity": "sha512-liJwHPI9x9d9w5WSIjM58MqGmmb7XzNqwdUA3kSBQ4lmDngexlKwawGzK3J1mKXi6+sysoMDlpVyZh9sv5vRfw=="
    },
    "string.fromcodepoint": {
      "version": "0.2.1",
      "resolved": "https://alm-npmjs/nexus/repository/npm_group/string.fromcodepoint/-/string.fromcodepoint-0.2.1.tgz",
      "integrity": "sha1-jZeDM8C8klOPUPOD5IiPPlYZ1lM="
    },
    "string.prototype.codepointat": {
      "version": "0.2.1",
      "resolved": "https://alm-npmjs/nexus/repository/npm_group/string.prototype.codepointat/-/string.prototype.codepointat-0.2.1.tgz",
      "integrity": "sha512-2cBVCj6I4IOvEnjgO/hWqXjqBGsY+zwPmHl12Srk9IXSZ56Jwwmy+66XO5Iut/oQVR7t5ihYdLB0GMa4alEUcg=="
    },
    "string.prototype.endswith": {
      "version": "0.2.0",
      "resolved": "https://alm-npmjs/nexus/repository/npm_group/string.prototype.endswith/-/string.prototype.endswith-0.2.0.tgz",
      "integrity": "sha512-CLb+YN1AleXLWyh88P1R5s2ajz83wF6bWOyxfOXJ7P3ioK/lOnA39VIEcen24/ELWJvU6y8NG6vEmWSOJIVFfQ=="
    },
    "string.prototype.includes": {
      "version": "1.0.0",
      "resolved": "https://alm-npmjs/nexus/repository/npm_group/string.prototype.includes/-/string.prototype.includes-1.0.0.tgz",
      "integrity": "sha1-gpNhzvj/uSfe+TzNU3PZ3MN+568="
    },
    "string.prototype.repeat": {
      "version": "0.2.0",
      "resolved": "https://alm-npmjs/nexus/repository/npm_group/string.prototype.repeat/-/string.prototype.repeat-0.2.0.tgz",
      "integrity": "sha1-q6Nt4I3O5qWjN9SbLqHaGyj8Ds8="
    },
    "string.prototype.startswith": {
      "version": "0.2.0",
      "resolved": "https://alm-npmjs/nexus/repository/npm_group/string.prototype.startswith/-/string.prototype.startswith-0.2.0.tgz",
      "integrity": "sha512-4Rj/0GFJbva6TUkI5gC/MOwJrcY19CvgIAqLlTpKhGJVoHiWtXh5UWSX9uGE3Es4eUhFSoWJ0RVCt9j3QcK7IQ=="
    },
    "string.prototype.trimend": {
      "version": "1.0.2",
      "resolved": "https://alm-npmjs/nexus/repository/npm_group/string.prototype.trimend/-/string.prototype.trimend-1.0.2.tgz",
      "integrity": "sha512-8oAG/hi14Z4nOVP0z6mdiVZ/wqjDtWSLygMigTzAb+7aPEDTleeFf+WrF+alzecxIRkckkJVn+dTlwzJXORATw==",
      "requires": {
        "define-properties": "^1.1.3",
        "es-abstract": "^1.18.0-next.1"
      }
    },
    "string.prototype.trimstart": {
      "version": "1.0.2",
      "resolved": "https://alm-npmjs/nexus/repository/npm_group/string.prototype.trimstart/-/string.prototype.trimstart-1.0.2.tgz",
      "integrity": "sha512-7F6CdBTl5zyu30BJFdzSTlSlLPwODC23Od+iLoVH8X6+3fvDPPuBVVj9iaB1GOsSTSIgVfsfm27R2FGrAPznWg==",
      "requires": {
        "define-properties": "^1.1.3",
        "es-abstract": "^1.18.0-next.1"
      }
    },
    "strip-indent": {
      "version": "3.0.0",
      "resolved": "https://alm-npmjs/nexus/repository/npm_group/strip-indent/-/strip-indent-3.0.0.tgz",
      "integrity": "sha512-laJTa3Jb+VQpaC6DseHhF7dXVqHTfJPCRDaEbid/drOhgitgYku/letMUqOXFoWV0zIIUbjpdH2t+tYj4bQMRQ==",
      "requires": {
        "min-indent": "^1.0.0"
      }
    },
    "supports-color": {
      "version": "5.5.0",
      "resolved": "https://alm-npmjs/nexus/repository/npm_group/supports-color/-/supports-color-5.5.0.tgz",
      "integrity": "sha512-QjVjwdXIt408MIiAqCX4oUKsgU2EqAGzs2Ppkm4aQYbjm+ZEWEcW4SfFNTr4uMNZma0ey4f5lgLrkB0aX0QMow==",
      "requires": {
        "has-flag": "^3.0.0"
      }
    },
    "universalify": {
      "version": "0.1.2",
      "resolved": "https://alm-npmjs/nexus/repository/npm_group/universalify/-/universalify-0.1.2.tgz",
      "integrity": "sha512-rBJeI5CXAlmy1pV+617WB9J63U6XcazHHF2f2dbJix4XzpUF0RS3Zbj0FGIOCAva5P/d/GBOYaACQ1w+0azUkg=="
    },
    "urix": {
      "version": "0.1.0",
      "resolved": "https://alm-npmjs/nexus/repository/npm_group/urix/-/urix-0.1.0.tgz",
      "integrity": "sha512-Am1ousAhSLBeB9cG/7k7r2R0zj50uDRlZHPGbazid5s9rlF1F/QKYObEKSIunSjIOkJZqwRRLpvewjEkM7pSqg=="
    },
    "wait-for-expect": {
      "version": "3.0.2",
      "resolved": "https://alm-npmjs/nexus/repository/npm_group/wait-for-expect/-/wait-for-expect-3.0.2.tgz",
      "integrity": "sha512-cfS1+DZxuav1aBYbaO/kE06EOS8yRw7qOFoD3XtjTkYvCvh3zUvNST8DXK/nPaeqIzIv3P3kL3lRJn8iwOiSag=="
    }
  }
}
